
Microsoft Visual Studio Solution File, Format Version 12.00
# Visual Studio Version 17
VisualStudioVersion = 17.14.37203.1 d17.14
MinimumVisualStudioVersion = 10.0.40219.1
Project("{FAE04EC0-301F-11D3-BF4B-00C04F79EFBC}") = "Job Application Tracker API", "Job Application Tracker API\Job Application Tracker API.csproj", "{F3608B91-248F-462D-B065-E32099EEA1FA}"
EndProject
Global
	GlobalSection(SolutionConfigurationPlatforms) = preSolution
		Debug|Any CPU = Debug|Any CPU
		Release|Any CPU = Release|Any CPU
	EndGlobalSection
	GlobalSection(ProjectConfigurationPlatforms) = postSolution
		{F3608B91-248F-462D-B065-E32099EEA1FA}.Debug|Any CPU.ActiveCfg = Debug|Any CPU
		{F3608B91-248F-462D-B065-E32099EEA1FA}.Debug|Any CPU.Build.0 = Debug|Any CPU
		{F3608B91-248F-462D-B065-E32099EEA1FA}.Release|Any CPU.ActiveCfg = Release|Any CPU
		{F3608B91-248F-462D-B065-E32099EEA1FA}.Release|Any CPU.Build.0 = Release|Any CPU
	EndGlobalSection
	GlobalSection(SolutionProperties) = preSolution
		HideSolutionNode = FALSE
	EndGlobalSection
	GlobalSection(ExtensibilityGlobals) = postSolution
		SolutionGuid = {2447FF3A-1605-4AC7-AFEB-5BECD1FCC40F}
	EndGlobalSection
EndGlobal
